
Microsoft Visual Studio Solution File, Format Version 12.00
# Visual Studio 15
VisualStudioVersion = 15.0.27004.2005
MinimumVisualStudioVersion = 10.0.40219.1
Project("{FAE04EC0-301F-11D3-BF4B-00C04F79EFBC}") = "TextAdv", "TextAdv\TextAdv.csproj", "{6773EF40-FA3C-4A9F-B4E7-79A9AD19952B}"
EndProject
Project("{FAE04EC0-301F-11D3-BF4B-00C04F79EFBC}") = "TextAdv.Tests", "TextAdv.Tests\TextAdv.Tests.csproj", "{A5F1735A-822D-49A4-8A66-504F1244D5AA}"
EndProject
Global
	GlobalSection(SolutionConfigurationPlatforms) = preSolution
		Debug|Any CPU = Debug|Any CPU
		Release|Any CPU = Release|Any CPU
	EndGlobalSection
	GlobalSection(ProjectConfigurationPlatforms) = postSolution
		{6773EF40-FA3C-4A9F-B4E7-79A9AD19952B}.Debug|Any CPU.ActiveCfg = Debug|Any CPU
		{6773EF40-FA3C-4A9F-B4E7-79A9AD19952B}.Debug|Any CPU.Build.0 = Debug|Any CPU
		{6773EF40-FA3C-4A9F-B4E7-79A9AD19952B}.Release|Any CPU.ActiveCfg = Release|Any CPU
		{6773EF40-FA3C-4A9F-B4E7-79A9AD19952B}.Release|Any CPU.Build.0 = Release|Any CPU
		{A5F1735A-822D-49A4-8A66-504F1244D5AA}.Debug|Any CPU.ActiveCfg = Debug|Any CPU
		{A5F1735A-822D-49A4-8A66-504F1244D5AA}.Debug|Any CPU.Build.0 = Debug|Any CPU
		{A5F1735A-822D-49A4-8A66-504F1244D5AA}.Release|Any CPU.ActiveCfg = Release|Any CPU
		{A5F1735A-822D-49A4-8A66-504F1244D5AA}.Release|Any CPU.Build.0 = Release|Any CPU
	EndGlobalSection
	GlobalSection(SolutionProperties) = preSolution
		HideSolutionNode = FALSE
	EndGlobalSection
	GlobalSection(ExtensibilityGlobals) = postSolution
		SolutionGuid = {D2E97277-91D7-4D4C-AB0C-924CC7A7EEFA}
	EndGlobalSection
EndGlobal
